
Microsoft Visual Studio Solution File, Format Version 12.00
# Visual Studio Version 17
VisualStudioVersion = 17.7.34221.43
MinimumVisualStudioVersion = 10.0.40219.1
Project("{FAE04EC0-301F-11D3-BF4B-00C04F79EFBC}") = "CS311_Project3_ADH", "CS311_Project3_ADH.csproj", "{1E88998E-D885-4918-9335-4B8A9BDBC4FE}"
EndProject
Global
	GlobalSection(SolutionConfigurationPlatforms) = preSolution
		Debug|Any CPU = Debug|Any CPU
		Release|Any CPU = Release|Any CPU
	EndGlobalSection
	GlobalSection(ProjectConfigurationPlatforms) = postSolution
		{1E88998E-D885-4918-9335-4B8A9BDBC4FE}.Debug|Any CPU.ActiveCfg = Debug|Any CPU
		{1E88998E-D885-4918-9335-4B8A9BDBC4FE}.Debug|Any CPU.Build.0 = Debug|Any CPU
		{1E88998E-D885-4918-9335-4B8A9BDBC4FE}.Release|Any CPU.ActiveCfg = Release|Any CPU
		{1E88998E-D885-4918-9335-4B8A9BDBC4FE}.Release|Any CPU.Build.0 = Release|Any CPU
	EndGlobalSection
	GlobalSection(SolutionProperties) = preSolution
		HideSolutionNode = FALSE
	EndGlobalSection
	GlobalSection(ExtensibilityGlobals) = postSolution
		SolutionGuid = {478EA7F2-67AE-424D-B24E-2612F66BC770}
	EndGlobalSection
EndGlobal
